
Microsoft Visual Studio Solution File, Format Version 12.00
# Visual Studio 15
VisualStudioVersion = 15.0.26730.3
MinimumVisualStudioVersion = 10.0.40219.1
Project("{888888A0-9F3D-457C-B088-3A5042F75D52}") = "p4", "p4.pyproj", "{2F56DBBF-7353-489C-BE0E-00B225DD6F5D}"
EndProject
Global
	GlobalSection(SolutionConfigurationPlatforms) = preSolution
		Debug|Any CPU = Debug|Any CPU
		Release|Any CPU = Release|Any CPU
	EndGlobalSection
	GlobalSection(ProjectConfigurationPlatforms) = postSolution
		{2F56DBBF-7353-489C-BE0E-00B225DD6F5D}.Debug|Any CPU.ActiveCfg = Debug|Any CPU
		{2F56DBBF-7353-489C-BE0E-00B225DD6F5D}.Release|Any CPU.ActiveCfg = Release|Any CPU
	EndGlobalSection
	GlobalSection(SolutionProperties) = preSolution
		HideSolutionNode = FALSE
	EndGlobalSection
	GlobalSection(ExtensibilityGlobals) = postSolution
		SolutionGuid = {D0946E0F-7FDD-4EE1-A93D-A6BDEB83F718}
	EndGlobalSection
EndGlobal
